
Microsoft Visual Studio Solution File, Format Version 12.00
# Visual Studio Version 16
VisualStudioVersion = 16.0.29911.84
MinimumVisualStudioVersion = 10.0.40219.1
Project("{2150E333-8FDC-42A3-9474-1A3956D46DE8}") = "Libraries", "Libraries", "{AE5482D2-070F-493D-944A-C050C2E3DDD7}"
EndProject
Project("{2150E333-8FDC-42A3-9474-1A3956D46DE8}") = "Presentation", "Presentation", "{204061EF-5A0D-4442-BE97-1208BCA80CFC}"
EndProject
Project("{FAE04EC0-301F-11D3-BF4B-00C04F79EFBC}") = "EIRS.BLL", "Libraries\EIRS.BLL\EIRS.BLL.csproj", "{79C4121E-BBD4-4B29-9DBD-E71733228E39}"
EndProject
Project("{FAE04EC0-301F-11D3-BF4B-00C04F79EFBC}") = "EIRS.BOL", "Libraries\EIRS.BOL\EIRS.BOL.csproj", "{5569601A-967B-4823-A3C4-F564DE25C72E}"
EndProject
Project("{FAE04EC0-301F-11D3-BF4B-00C04F79EFBC}") = "EIRS.Common", "Libraries\EIRS.Common\EIRS.Common.csproj", "{B0F1F33B-6B48-434C-AE15-EBCE1C1D9135}"
EndProject
Project("{FAE04EC0-301F-11D3-BF4B-00C04F79EFBC}") = "EIRS.Admin", "Presentation\EIRS.Admin\EIRS.Admin.csproj", "{1E7472D3-F1CB-455E-9030-D606B6C157CE}"
EndProject
Project("{FAE04EC0-301F-11D3-BF4B-00C04F79EFBC}") = "EIRS.Web", "Presentation\EIRS.Web\EIRS.Web.csproj", "{F414C024-9563-44DB-BA72-AB92FE74BEFC}"
EndProject
Project("{FAE04EC0-301F-11D3-BF4B-00C04F79EFBC}") = "EIRS.Repository", "Libraries\EIRS.Repository\EIRS.Repository.csproj", "{80FBE8C3-F1AA-4118-9E4D-045AEC6ECEAF}"
EndProject
Project("{FAE04EC0-301F-11D3-BF4B-00C04F79EFBC}") = "EIRS.Models", "Libraries\EIRS.Models\EIRS.Models.csproj", "{5C731AC2-3DCF-468F-BF63-4B0B88780B22}"
EndProject
Project("{FAE04EC0-301F-11D3-BF4B-00C04F79EFBC}") = "EIRS.API", "Presentation\EIRS.API\EIRS.API.csproj", "{9EEF6FBB-1D15-4DBF-828B-75DEEADCB91A}"
EndProject
Global
	GlobalSection(SolutionConfigurationPlatforms) = preSolution
		Debug|Any CPU = Debug|Any CPU
		Debug|x64 = Debug|x64
		Release|Any CPU = Release|Any CPU
		Release|x64 = Release|x64
	EndGlobalSection
	GlobalSection(ProjectConfigurationPlatforms) = postSolution
		{79C4121E-BBD4-4B29-9DBD-E71733228E39}.Debug|Any CPU.ActiveCfg = Debug|Any CPU
		{79C4121E-BBD4-4B29-9DBD-E71733228E39}.Debug|Any CPU.Build.0 = Debug|Any CPU
		{79C4121E-BBD4-4B29-9DBD-E71733228E39}.Debug|x64.ActiveCfg = Debug|x64
		{79C4121E-BBD4-4B29-9DBD-E71733228E39}.Debug|x64.Build.0 = Debug|x64
		{79C4121E-BBD4-4B29-9DBD-E71733228E39}.Release|Any CPU.ActiveCfg = Release|Any CPU
		{79C4121E-BBD4-4B29-9DBD-E71733228E39}.Release|Any CPU.Build.0 = Release|Any CPU
		{79C4121E-BBD4-4B29-9DBD-E71733228E39}.Release|x64.ActiveCfg = Release|x64
		{79C4121E-BBD4-4B29-9DBD-E71733228E39}.Release|x64.Build.0 = Release|x64
		{5569601A-967B-4823-A3C4-F564DE25C72E}.Debug|Any CPU.ActiveCfg = Debug|Any CPU
		{5569601A-967B-4823-A3C4-F564DE25C72E}.Debug|Any CPU.Build.0 = Debug|Any CPU
		{5569601A-967B-4823-A3C4-F564DE25C72E}.Debug|x64.ActiveCfg = Debug|x64
		{5569601A-967B-4823-A3C4-F564DE25C72E}.Debug|x64.Build.0 = Debug|x64
		{5569601A-967B-4823-A3C4-F564DE25C72E}.Release|Any CPU.ActiveCfg = Release|Any CPU
		{5569601A-967B-4823-A3C4-F564DE25C72E}.Release|Any CPU.Build.0 = Release|Any CPU
		{5569601A-967B-4823-A3C4-F564DE25C72E}.Release|x64.ActiveCfg = Release|x64
		{5569601A-967B-4823-A3C4-F564DE25C72E}.Release|x64.Build.0 = Release|x64
		{B0F1F33B-6B48-434C-AE15-EBCE1C1D9135}.Debug|Any CPU.ActiveCfg = Debug|Any CPU
		{B0F1F33B-6B48-434C-AE15-EBCE1C1D9135}.Debug|Any CPU.Build.0 = Debug|Any CPU
		{B0F1F33B-6B48-434C-AE15-EBCE1C1D9135}.Debug|x64.ActiveCfg = Debug|x64
		{B0F1F33B-6B48-434C-AE15-EBCE1C1D9135}.Debug|x64.Build.0 = Debug|x64
		{B0F1F33B-6B48-434C-AE15-EBCE1C1D9135}.Release|Any CPU.ActiveCfg = Release|Any CPU
		{B0F1F33B-6B48-434C-AE15-EBCE1C1D9135}.Release|Any CPU.Build.0 = Release|Any CPU
		{B0F1F33B-6B48-434C-AE15-EBCE1C1D9135}.Release|x64.ActiveCfg = Release|x64
		{B0F1F33B-6B48-434C-AE15-EBCE1C1D9135}.Release|x64.Build.0 = Release|x64
		{1E7472D3-F1CB-455E-9030-D606B6C157CE}.Debug|Any CPU.ActiveCfg = Debug|Any CPU
		{1E7472D3-F1CB-455E-9030-D606B6C157CE}.Debug|Any CPU.Build.0 = Debug|Any CPU
		{1E7472D3-F1CB-455E-9030-D606B6C157CE}.Debug|x64.ActiveCfg = Debug|x64
		{1E7472D3-F1CB-455E-9030-D606B6C157CE}.Debug|x64.Build.0 = Debug|x64
		{1E7472D3-F1CB-455E-9030-D606B6C157CE}.Release|Any CPU.ActiveCfg = Release|Any CPU
		{1E7472D3-F1CB-455E-9030-D606B6C157CE}.Release|Any CPU.Build.0 = Release|Any CPU
		{1E7472D3-F1CB-455E-9030-D606B6C157CE}.Release|x64.ActiveCfg = Release|x64
		{1E7472D3-F1CB-455E-9030-D606B6C157CE}.Release|x64.Build.0 = Release|x64
		{F414C024-9563-44DB-BA72-AB92FE74BEFC}.Debug|Any CPU.ActiveCfg = Debug|Any CPU
		{F414C024-9563-44DB-BA72-AB92FE74BEFC}.Debug|Any CPU.Build.0 = Debug|Any CPU
		{F414C024-9563-44DB-BA72-AB92FE74BEFC}.Debug|x64.ActiveCfg = Debug|x64
		{F414C024-9563-44DB-BA72-AB92FE74BEFC}.Debug|x64.Build.0 = Debug|x64
		{F414C024-9563-44DB-BA72-AB92FE74BEFC}.Release|Any CPU.ActiveCfg = Release|Any CPU
		{F414C024-9563-44DB-BA72-AB92FE74BEFC}.Release|Any CPU.Build.0 = Release|Any CPU
		{F414C024-9563-44DB-BA72-AB92FE74BEFC}.Release|x64.ActiveCfg = Release|x64
		{F414C024-9563-44DB-BA72-AB92FE74BEFC}.Release|x64.Build.0 = Release|x64
		{80FBE8C3-F1AA-4118-9E4D-045AEC6ECEAF}.Debug|Any CPU.ActiveCfg = Debug|Any CPU
		{80FBE8C3-F1AA-4118-9E4D-045AEC6ECEAF}.Debug|Any CPU.Build.0 = Debug|Any CPU
		{80FBE8C3-F1AA-4118-9E4D-045AEC6ECEAF}.Debug|x64.ActiveCfg = Debug|x64
		{80FBE8C3-F1AA-4118-9E4D-045AEC6ECEAF}.Debug|x64.Build.0 = Debug|x64
		{80FBE8C3-F1AA-4118-9E4D-045AEC6ECEAF}.Release|Any CPU.ActiveCfg = Release|Any CPU
		{80FBE8C3-F1AA-4118-9E4D-045AEC6ECEAF}.Release|Any CPU.Build.0 = Release|Any CPU
		{80FBE8C3-F1AA-4118-9E4D-045AEC6ECEAF}.Release|x64.ActiveCfg = Release|x64
		{80FBE8C3-F1AA-4118-9E4D-045AEC6ECEAF}.Release|x64.Build.0 = Release|x64
		{5C731AC2-3DCF-468F-BF63-4B0B88780B22}.Debug|Any CPU.ActiveCfg = Debug|Any CPU
		{5C731AC2-3DCF-468F-BF63-4B0B88780B22}.Debug|Any CPU.Build.0 = Debug|Any CPU
		{5C731AC2-3DCF-468F-BF63-4B0B88780B22}.Debug|x64.ActiveCfg = Debug|x64
		{5C731AC2-3DCF-468F-BF63-4B0B88780B22}.Debug|x64.Build.0 = Debug|x64
		{5C731AC2-3DCF-468F-BF63-4B0B88780B22}.Release|Any CPU.ActiveCfg = Release|Any CPU
		{5C731AC2-3DCF-468F-BF63-4B0B88780B22}.Release|Any CPU.Build.0 = Release|Any CPU
		{5C731AC2-3DCF-468F-BF63-4B0B88780B22}.Release|x64.ActiveCfg = Release|x64
		{5C731AC2-3DCF-468F-BF63-4B0B88780B22}.Release|x64.Build.0 = Release|x64
		{9EEF6FBB-1D15-4DBF-828B-75DEEADCB91A}.Debug|Any CPU.ActiveCfg = Debug|Any CPU
		{9EEF6FBB-1D15-4DBF-828B-75DEEADCB91A}.Debug|Any CPU.Build.0 = Debug|Any CPU
		{9EEF6FBB-1D15-4DBF-828B-75DEEADCB91A}.Debug|x64.ActiveCfg = Debug|x64
		{9EEF6FBB-1D15-4DBF-828B-75DEEADCB91A}.Debug|x64.Build.0 = Debug|x64
		{9EEF6FBB-1D15-4DBF-828B-75DEEADCB91A}.Release|Any CPU.ActiveCfg = Release|Any CPU
		{9EEF6FBB-1D15-4DBF-828B-75DEEADCB91A}.Release|Any CPU.Build.0 = Release|Any CPU
		{9EEF6FBB-1D15-4DBF-828B-75DEEADCB91A}.Release|x64.ActiveCfg = Release|x64
		{9EEF6FBB-1D15-4DBF-828B-75DEEADCB91A}.Release|x64.Build.0 = Release|x64
	EndGlobalSection
	GlobalSection(SolutionProperties) = preSolution
		HideSolutionNode = FALSE
	EndGlobalSection
	GlobalSection(NestedProjects) = preSolution
		{79C4121E-BBD4-4B29-9DBD-E71733228E39} = {AE5482D2-070F-493D-944A-C050C2E3DDD7}
		{5569601A-967B-4823-A3C4-F564DE25C72E} = {AE5482D2-070F-493D-944A-C050C2E3DDD7}
		{B0F1F33B-6B48-434C-AE15-EBCE1C1D9135} = {AE5482D2-070F-493D-944A-C050C2E3DDD7}
		{1E7472D3-F1CB-455E-9030-D606B6C157CE} = {204061EF-5A0D-4442-BE97-1208BCA80CFC}
		{F414C024-9563-44DB-BA72-AB92FE74BEFC} = {204061EF-5A0D-4442-BE97-1208BCA80CFC}
		{80FBE8C3-F1AA-4118-9E4D-045AEC6ECEAF} = {AE5482D2-070F-493D-944A-C050C2E3DDD7}
		{5C731AC2-3DCF-468F-BF63-4B0B88780B22} = {AE5482D2-070F-493D-944A-C050C2E3DDD7}
		{9EEF6FBB-1D15-4DBF-828B-75DEEADCB91A} = {204061EF-5A0D-4442-BE97-1208BCA80CFC}
	EndGlobalSection
	GlobalSection(ExtensibilityGlobals) = postSolution
		SolutionGuid = {805F47EB-3D0E-4559-8E15-0C8F46283130}
	EndGlobalSection
EndGlobal
